
Microsoft Visual Studio Solution File, Format Version 12.00
# Visual Studio Version 16
VisualStudioVersion = 16.0.30104.148
MinimumVisualStudioVersion = 10.0.40219.1
Project("{FAE04EC0-301F-11D3-BF4B-00C04F79EFBC}") = "LiveImageClassifier", "LiveImageClassifier.csproj", "{FC572043-0431-4E70-8EC4-11AA3BEDCFF2}"
EndProject
Global
	GlobalSection(SolutionConfigurationPlatforms) = preSolution
		Debug|Any CPU = Debug|Any CPU
		Release|Any CPU = Release|Any CPU
	EndGlobalSection
	GlobalSection(ProjectConfigurationPlatforms) = postSolution
		{FC572043-0431-4E70-8EC4-11AA3BEDCFF2}.Debug|Any CPU.ActiveCfg = Debug|Any CPU
		{FC572043-0431-4E70-8EC4-11AA3BEDCFF2}.Debug|Any CPU.Build.0 = Debug|Any CPU
		{FC572043-0431-4E70-8EC4-11AA3BEDCFF2}.Release|Any CPU.ActiveCfg = Release|Any CPU
		{FC572043-0431-4E70-8EC4-11AA3BEDCFF2}.Release|Any CPU.Build.0 = Release|Any CPU
	EndGlobalSection
	GlobalSection(SolutionProperties) = preSolution
		HideSolutionNode = FALSE
	EndGlobalSection
	GlobalSection(ExtensibilityGlobals) = postSolution
		SolutionGuid = {86A13D50-A7D4-4DDB-BF85-F2DC7FB47EC5}
	EndGlobalSection
EndGlobal
